
Microsoft Visual Studio Solution File, Format Version 12.00
# Visual Studio Version 17
VisualStudioVersion = 17.8.34330.188
MinimumVisualStudioVersion = 10.0.40219.1
Project("{2150E333-8FDC-42A3-9474-1A3956D46DE8}") = "Src", "Src", "{7097E5BB-9C85-470D-9AF2-1F1B5F29EDCB}"
EndProject
Project("{2150E333-8FDC-42A3-9474-1A3956D46DE8}") = "Api", "Api", "{82CAD432-7151-46D6-98AE-57D3D685294F}"
EndProject
Project("{9A19103F-16F7-4668-BE54-9A1E7A4F7556}") = "InsuranceSystem.Api", "Src\Api\InsuranceSystem.Api\InsuranceSystem.Api.csproj", "{210689D3-4612-458E-948F-F3C1810946EB}"
EndProject
Project("{2150E333-8FDC-42A3-9474-1A3956D46DE8}") = "Core", "Core", "{87D33B69-EE5B-4852-B089-6114058F892B}"
EndProject
Project("{9A19103F-16F7-4668-BE54-9A1E7A4F7556}") = "InsuranceSystem.Application", "Src\Core\InsuranceSyatem.Application\InsuranceSystem.Application.csproj", "{1A0ADD0C-BA6B-4E3D-98F3-99567FB41EEB}"
EndProject
Project("{9A19103F-16F7-4668-BE54-9A1E7A4F7556}") = "InsuranceSystem.Domain", "Src\Core\InsuranceSystem.Domain\InsuranceSystem.Domain.csproj", "{2B7B55D3-277D-4791-B226-60515D562552}"
EndProject
Project("{2150E333-8FDC-42A3-9474-1A3956D46DE8}") = "Infrastructure", "Infrastructure", "{11345CB0-B972-4059-89F8-DEAA3A1D61A6}"
EndProject
Project("{9A19103F-16F7-4668-BE54-9A1E7A4F7556}") = "InsuranceSystem.Infrastructure", "Src\Infrastructure\InsuranceSystem.Infrastructure\InsuranceSystem.Infrastructure.csproj", "{0A700BF5-911A-4827-BA80-CEAEB97EFC51}"
EndProject
Project("{9A19103F-16F7-4668-BE54-9A1E7A4F7556}") = "InsuranceSystem.Persistence", "Src\Infrastructure\InsuranceSystem.Persistence\InsuranceSystem.Persistence.csproj", "{E3494BC0-9179-46A5-A2F5-8F7289F4865D}"
EndProject
Project("{2150E333-8FDC-42A3-9474-1A3956D46DE8}") = "Test", "Test", "{834DBC94-4486-4698-878A-37A78C7BC21A}"
EndProject
Project("{FAE04EC0-301F-11D3-BF4B-00C04F79EFBC}") = "InsuranceSystem.Application.UnitTests", "Test\InsuranceSystem.Application.UnitTests\InsuranceSystem.Application.UnitTests.csproj", "{5D55EDC9-1E82-4877-9C89-9099AC4D934A}"
EndProject
Project("{FAE04EC0-301F-11D3-BF4B-00C04F79EFBC}") = "InsuranceSystem.Controller.UnitTest", "Test\InsuranceSystem.Controller.UnitTest\InsuranceSystem.Controller.UnitTest.csproj", "{D3955812-AC6F-4A87-A688-5B34540EBE15}"
EndProject
Global
	GlobalSection(SolutionConfigurationPlatforms) = preSolution
		Debug|Any CPU = Debug|Any CPU
		Release|Any CPU = Release|Any CPU
	EndGlobalSection
	GlobalSection(ProjectConfigurationPlatforms) = postSolution
		{210689D3-4612-458E-948F-F3C1810946EB}.Debug|Any CPU.ActiveCfg = Debug|Any CPU
		{210689D3-4612-458E-948F-F3C1810946EB}.Debug|Any CPU.Build.0 = Debug|Any CPU
		{210689D3-4612-458E-948F-F3C1810946EB}.Release|Any CPU.ActiveCfg = Release|Any CPU
		{210689D3-4612-458E-948F-F3C1810946EB}.Release|Any CPU.Build.0 = Release|Any CPU
		{1A0ADD0C-BA6B-4E3D-98F3-99567FB41EEB}.Debug|Any CPU.ActiveCfg = Debug|Any CPU
		{1A0ADD0C-BA6B-4E3D-98F3-99567FB41EEB}.Debug|Any CPU.Build.0 = Debug|Any CPU
		{1A0ADD0C-BA6B-4E3D-98F3-99567FB41EEB}.Release|Any CPU.ActiveCfg = Release|Any CPU
		{1A0ADD0C-BA6B-4E3D-98F3-99567FB41EEB}.Release|Any CPU.Build.0 = Release|Any CPU
		{2B7B55D3-277D-4791-B226-60515D562552}.Debug|Any CPU.ActiveCfg = Debug|Any CPU
		{2B7B55D3-277D-4791-B226-60515D562552}.Debug|Any CPU.Build.0 = Debug|Any CPU
		{2B7B55D3-277D-4791-B226-60515D562552}.Release|Any CPU.ActiveCfg = Release|Any CPU
		{2B7B55D3-277D-4791-B226-60515D562552}.Release|Any CPU.Build.0 = Release|Any CPU
		{0A700BF5-911A-4827-BA80-CEAEB97EFC51}.Debug|Any CPU.ActiveCfg = Debug|Any CPU
		{0A700BF5-911A-4827-BA80-CEAEB97EFC51}.Debug|Any CPU.Build.0 = Debug|Any CPU
		{0A700BF5-911A-4827-BA80-CEAEB97EFC51}.Release|Any CPU.ActiveCfg = Release|Any CPU
		{0A700BF5-911A-4827-BA80-CEAEB97EFC51}.Release|Any CPU.Build.0 = Release|Any CPU
		{E3494BC0-9179-46A5-A2F5-8F7289F4865D}.Debug|Any CPU.ActiveCfg = Debug|Any CPU
		{E3494BC0-9179-46A5-A2F5-8F7289F4865D}.Debug|Any CPU.Build.0 = Debug|Any CPU
		{E3494BC0-9179-46A5-A2F5-8F7289F4865D}.Release|Any CPU.ActiveCfg = Release|Any CPU
		{E3494BC0-9179-46A5-A2F5-8F7289F4865D}.Release|Any CPU.Build.0 = Release|Any CPU
		{5D55EDC9-1E82-4877-9C89-9099AC4D934A}.Debug|Any CPU.ActiveCfg = Debug|Any CPU
		{5D55EDC9-1E82-4877-9C89-9099AC4D934A}.Debug|Any CPU.Build.0 = Debug|Any CPU
		{5D55EDC9-1E82-4877-9C89-9099AC4D934A}.Release|Any CPU.ActiveCfg = Release|Any CPU
		{5D55EDC9-1E82-4877-9C89-9099AC4D934A}.Release|Any CPU.Build.0 = Release|Any CPU
		{D3955812-AC6F-4A87-A688-5B34540EBE15}.Debug|Any CPU.ActiveCfg = Debug|Any CPU
		{D3955812-AC6F-4A87-A688-5B34540EBE15}.Debug|Any CPU.Build.0 = Debug|Any CPU
		{D3955812-AC6F-4A87-A688-5B34540EBE15}.Release|Any CPU.ActiveCfg = Release|Any CPU
		{D3955812-AC6F-4A87-A688-5B34540EBE15}.Release|Any CPU.Build.0 = Release|Any CPU
	EndGlobalSection
	GlobalSection(SolutionProperties) = preSolution
		HideSolutionNode = FALSE
	EndGlobalSection
	GlobalSection(NestedProjects) = preSolution
		{82CAD432-7151-46D6-98AE-57D3D685294F} = {7097E5BB-9C85-470D-9AF2-1F1B5F29EDCB}
		{210689D3-4612-458E-948F-F3C1810946EB} = {82CAD432-7151-46D6-98AE-57D3D685294F}
		{87D33B69-EE5B-4852-B089-6114058F892B} = {7097E5BB-9C85-470D-9AF2-1F1B5F29EDCB}
		{1A0ADD0C-BA6B-4E3D-98F3-99567FB41EEB} = {87D33B69-EE5B-4852-B089-6114058F892B}
		{2B7B55D3-277D-4791-B226-60515D562552} = {87D33B69-EE5B-4852-B089-6114058F892B}
		{11345CB0-B972-4059-89F8-DEAA3A1D61A6} = {7097E5BB-9C85-470D-9AF2-1F1B5F29EDCB}
		{0A700BF5-911A-4827-BA80-CEAEB97EFC51} = {11345CB0-B972-4059-89F8-DEAA3A1D61A6}
		{E3494BC0-9179-46A5-A2F5-8F7289F4865D} = {11345CB0-B972-4059-89F8-DEAA3A1D61A6}
		{5D55EDC9-1E82-4877-9C89-9099AC4D934A} = {834DBC94-4486-4698-878A-37A78C7BC21A}
		{D3955812-AC6F-4A87-A688-5B34540EBE15} = {834DBC94-4486-4698-878A-37A78C7BC21A}
	EndGlobalSection
	GlobalSection(ExtensibilityGlobals) = postSolution
		SolutionGuid = {DCBBDFC9-30CE-4A75-966E-91D837614E7C}
	EndGlobalSection
EndGlobal
